
Microsoft Visual Studio Solution File, Format Version 12.00
# Visual Studio Version 16
VisualStudioVersion = 16.0.30523.141
MinimumVisualStudioVersion = 10.0.40219.1
Project("{FAE04EC0-301F-11D3-BF4B-00C04F79EFBC}") = "IDK", "IDK\IDK.csproj", "{5E289884-1B58-4771-B9E3-60882EF44462}"
EndProject
Global
	GlobalSection(SolutionConfigurationPlatforms) = preSolution
		Debug|Any CPU = Debug|Any CPU
		Release|Any CPU = Release|Any CPU
	EndGlobalSection
	GlobalSection(ProjectConfigurationPlatforms) = postSolution
		{5E289884-1B58-4771-B9E3-60882EF44462}.Debug|Any CPU.ActiveCfg = Debug|Any CPU
		{5E289884-1B58-4771-B9E3-60882EF44462}.Debug|Any CPU.Build.0 = Debug|Any CPU
		{5E289884-1B58-4771-B9E3-60882EF44462}.Release|Any CPU.ActiveCfg = Release|Any CPU
		{5E289884-1B58-4771-B9E3-60882EF44462}.Release|Any CPU.Build.0 = Release|Any CPU
	EndGlobalSection
	GlobalSection(SolutionProperties) = preSolution
		HideSolutionNode = FALSE
	EndGlobalSection
	GlobalSection(ExtensibilityGlobals) = postSolution
		SolutionGuid = {A4B1ACFA-76C0-4C0E-8733-A37827A2358F}
	EndGlobalSection
EndGlobal
